Microsoft Visual Studio Solution File, Format Version 12.00
# Visual Studio Version 17
VisualStudioVersion = 17.5.2.0
MinimumVisualStudioVersion = 10.0.40219.1
Project("{FAE04EC0-301F-11D3-BF4B-00C04F79EFBC}") = "BlazoreTestPortal.Client", "BlazoreTestPortal.Client.csproj", "{7B5D4102-EEDE-169F-6B3F-03766FDADA7B}"
EndProject
Global
	GlobalSection(SolutionConfigurationPlatforms) = preSolution
		Debug|Any CPU = Debug|Any CPU
		Release|Any CPU = Release|Any CPU
	EndGlobalSection
	GlobalSection(ProjectConfigurationPlatforms) = postSolution
		{7B5D4102-EEDE-169F-6B3F-03766FDADA7B}.Debug|Any CPU.ActiveCfg = Debug|Any CPU
		{7B5D4102-EEDE-169F-6B3F-03766FDADA7B}.Debug|Any CPU.Build.0 = Debug|Any CPU
		{7B5D4102-EEDE-169F-6B3F-03766FDADA7B}.Release|Any CPU.ActiveCfg = Release|Any CPU
		{7B5D4102-EEDE-169F-6B3F-03766FDADA7B}.Release|Any CPU.Build.0 = Release|Any CPU
	EndGlobalSection
	GlobalSection(SolutionProperties) = preSolution
		HideSolutionNode = FALSE
	EndGlobalSection
	GlobalSection(ExtensibilityGlobals) = postSolution
		SolutionGuid = {F1F957CF-2180-47B4-B035-DF3549625C87}
	EndGlobalSection
EndGlobal
